// !$*UTF8*$!
{
	archiveVersion = 1;
	classes = {
	};
	objectVersion = 51;
	objects = {

/* Begin PBXBuildFile section */
		34C5051C25D6753A0014EEE4 /* AppDelegate.swift in Sources */ = {isa = PBXBuildFile; fileRef = 34C5051B25D6753A0014EEE4 /* AppDelegate.swift */; };
		34C5051E25D6753A0014EEE4 /* SceneDelegate.swift in Sources */ = {isa = PBXBuildFile; fileRef = 34C5051D25D6753A0014EEE4 /* SceneDelegate.swift */; };
		34C5052025D6753A0014EEE4 /* ViewController.swift in Sources */ = {isa = PBXBuildFile; fileRef = 34C5051F25D6753A0014EEE4 /* ViewController.swift */; };
		34C5052325D6753A0014EEE4 /* Main.storyboard in Resources */ = {isa = PBXBuildFile; fileRef = 34C5052125D6753A0014EEE4 /* Main.storyboard */; };
		34C5052525D6753C0014EEE4 /* Assets.xcassets in Resources */ = {isa = PBXBuildFile; fileRef = 34C5052425D6753C0014EEE4 /* Assets.xcassets */; };
		34C5052825D6753C0014EEE4 /* LaunchScreen.storyboard in Resources */ = {isa = PBXBuildFile; fileRef = 34C5052625D6753C0014EEE4 /* LaunchScreen.storyboard */; };
		34C5053B25D677660014EEE4 /* .swiftlint.yml in Resources */ = {isa = PBXBuildFile; fileRef = 34C5053A25D677660014EEE4 /* .swiftlint.yml */; };
		E342CC9146C440E65C704687 /* Pods_UnsplashClone.framework in Frameworks */ = {isa = PBXBuildFile; fileRef = 2B1A3AB2882198D37EA0DE1A /* Pods_UnsplashClone.framework */; };
/* End PBXBuildFile section */

/* Begin PBXFileReference section */
		2B1A3AB2882198D37EA0DE1A /* Pods_UnsplashClone.framework */ = {isa = PBXFileReference; explicitFileType = wrapper.framework; includeInIndex = 0; path = Pods_UnsplashClone.framework; sourceTree = BUILT_PRODUCTS_DIR; };
		34C5051825D6753A0014EEE4 /* UnsplashClone.app */ = {isa = PBXFileReference; explicitFileType = wrapper.application; includeInIndex = 0; path = UnsplashClone.app; sourceTree = BUILT_PRODUCTS_DIR; };
		34C5051B25D6753A0014EEE4 /* AppDelegate.swift */ = {isa = PBXFileReference; lastKnownFileType = sourcecode.swift; path = AppDelegate.swift; sourceTree = "<group>"; };
		34C5051D25D6753A0014EEE4 /* SceneDelegate.swift */ = {isa = PBXFileReference; lastKnownFileType = sourcecode.swift; path = SceneDelegate.swift; sourceTree = "<group>"; };
		34C5051F25D6753A0014EEE4 /* ViewController.swift */ = {isa = PBXFileReference; lastKnownFileType = sourcecode.swift; path = ViewController.swift; sourceTree = "<group>"; };
		34C5052225D6753A0014EEE4 /* Base */ = {isa = PBXFileReference; lastKnownFileType = file.storyboard; name = Base; path = Base.lproj/Main.storyboard; sourceTree = "<group>"; };
		34C5052425D6753C0014EEE4 /* Assets.xcassets */ = {isa = PBXFileReference; lastKnownFileType = folder.assetcatalog; path = Assets.xcassets; sourceTree = "<group>"; };
		34C5052725D6753C0014EEE4 /* Base */ = {isa = PBXFileReference; lastKnownFileType = file.storyboard; name = Base; path = Base.lproj/LaunchScreen.storyboard; sourceTree = "<group>"; };
		34C5052925D6753C0014EEE4 /* Info.plist */ = {isa = PBXFileReference; lastKnownFileType = text.plist.xml; path = Info.plist; sourceTree = "<group>"; };
		34C5053A25D677660014EEE4 /* .swiftlint.yml */ = {isa = PBXFileReference; lastKnownFileType = text.yaml; path = .swiftlint.yml; sourceTree = "<group>"; };
		5567FDD3F576F21EE0714D00 /* Pods-UnsplashClone.debug.xcconfig */ = {isa = PBXFileReference; includeInIndex = 1; lastKnownFileType = text.xcconfig; name = "Pods-UnsplashClone.debug.xcconfig"; path = "Target Support Files/Pods-UnsplashClone/Pods-UnsplashClone.debug.xcconfig"; sourceTree = "<group>"; };
		D07905EB397601CC8120FB12 /* Pods-UnsplashClone.release.xcconfig */ = {isa = PBXFileReference; includeInIndex = 1; lastKnownFileType = text.xcconfig; name = "Pods-UnsplashClone.release.xcconfig"; path = "Target Support Files/Pods-UnsplashClone/Pods-UnsplashClone.release.xcconfig"; sourceTree = "<group>"; };
/* End PBXFileReference section */

/* Begin PBXFrameworksBuildPhase section */
		34C5051525D6753A0014EEE4 /* Frameworks */ = {
			isa = PBXFrameworksBuildPhase;
			buildActionMask = 2147483647;
			files = (
				E342CC9146C440E65C704687 /* Pods_UnsplashClone.framework in Frameworks */,
			);
			runOnlyForDeploymentPostprocessing = 0;
		};
/* End PBXFrameworksBuildPhase section */

/* Begin PBXGroup section */
		34C5050F25D6753A0014EEE4 = {
			isa = PBXGroup;
			children = (
				34C5053A25D677660014EEE4 /* .swiftlint.yml */,
				34C5051A25D6753A0014EEE4 /* UnsplashClone */,
				34C5051925D6753A0014EEE4 /* Products */,
				A56C0AD323F2C4C1B2479C22 /* Pods */,
				79C4CB22D447878E8EC22F9A /* Frameworks */,
			);
			sourceTree = "<group>";
		};
		34C5051925D6753A0014EEE4 /* Products */ = {
			isa = PBXGroup;
			children = (
				34C5051825D6753A0014EEE4 /* UnsplashClone.app */,
			);
			name = Products;
			sourceTree = "<group>";
		};
		34C5051A25D6753A0014EEE4 /* UnsplashClone */ = {
			isa = PBXGroup;
			children = (
				34C5051B25D6753A0014EEE4 /* AppDelegate.swift */,
				34C5051D25D6753A0014EEE4 /* SceneDelegate.swift */,
				34C5051F25D6753A0014EEE4 /* ViewController.swift */,
				34C5052125D6753A0014EEE4 /* Main.storyboard */,
				34C5052425D6753C0014EEE4 /* Assets.xcassets */,
				34C5052625D6753C0014EEE4 /* LaunchScreen.storyboard */,
				34C5052925D6753C0014EEE4 /* Info.plist */,
			);
			path = UnsplashClone;
			sourceTree = "<group>";
		};
		79C4CB22D447878E8EC22F9A /* Frameworks */ = {
			isa = PBXGroup;
			children = (
				2B1A3AB2882198D37EA0DE1A /* Pods_UnsplashClone.framework */,
			);
			name = Frameworks;
			sourceTree = "<group>";
		};
		A56C0AD323F2C4C1B2479C22 /* Pods */ = {
			isa = PBXGroup;
			children = (
				5567FDD3F576F21EE0714D00 /* Pods-UnsplashClone.debug.xcconfig */,
				D07905EB397601CC8120FB12 /* Pods-UnsplashClone.release.xcconfig */,
			);
			path = Pods;
			sourceTree = "<group>";
		};
/* End PBXGroup section */

/* Begin PBXNativeTarget section */
		34C5051725D6753A0014EEE4 /* UnsplashClone */ = {
			isa = PBXNativeTarget;
			buildConfigurationList = 34C5052C25D6753C0014EEE4 /* Build configuration list for PBXNativeTarget "UnsplashClone" */;
			buildPhases = (
				188870231556453EEFA9F9A6 /* [CP] Check Pods Manifest.lock */,
				34C5051425D6753A0014EEE4 /* Sources */,
				34C5051525D6753A0014EEE4 /* Frameworks */,
				34C5051625D6753A0014EEE4 /* Resources */,
				73EBBB62A0718385B6590359 /* [CP] Embed Pods Frameworks */,
				34C5054025D677840014EEE4 /* SwiftLint */,
			);
			buildRules = (
			);
			dependencies = (
			);
			name = UnsplashClone;
			productName = UnsplashClone;
			productReference = 34C5051825D6753A0014EEE4 /* UnsplashClone.app */;
			productType = "com.apple.product-type.application";
		};
/* End PBXNativeTarget section */

/* Begin PBXProject section */
		34C5051025D6753A0014EEE4 /* Project object */ = {
			isa = PBXProject;
			attributes = {
				LastSwiftUpdateCheck = 1240;
				LastUpgradeCheck = 1240;
				TargetAttributes = {
					34C5051725D6753A0014EEE4 = {
						CreatedOnToolsVersion = 12.4;
					};
				};
			};
			buildConfigurationList = 34C5051325D6753A0014EEE4 /* Build configuration list for PBXProject "UnsplashClone" */;
			compatibilityVersion = "Xcode 9.3";
			developmentRegion = en;
			hasScannedForEncodings = 0;
			knownRegions = (
				en,
				Base,
			);
			mainGroup = 34C5050F25D6753A0014EEE4;
			productRefGroup = 34C5051925D6753A0014EEE4 /* Products */;
			projectDirPath = "";
			projectRoot = "";
			targets = (
				34C5051725D6753A0014EEE4 /* UnsplashClone */,
			);
		};
/* End PBXProject section */

/* Begin PBXResourcesBuildPhase section */
		34C5051625D6753A0014EEE4 /* Resources */ = {
			isa = PBXResourcesBuildPhase;
			buildActionMask = 2147483647;
			files = (
				34C5053B25D677660014EEE4 /* .swiftlint.yml in Resources */,
				34C5052825D6753C0014EEE4 /* LaunchScreen.storyboard in Resources */,
				34C5052525D6753C0014EEE4 /* Assets.xcassets in Resources */,
				34C5052325D6753A0014EEE4 /* Main.storyboard in Resources */,
			);
			runOnlyForDeploymentPostprocessing = 0;
		};
/* End PBXResourcesBuildPhase section */

/* Begin PBXShellScriptBuildPhase section */
		188870231556453EEFA9F9A6 /* [CP] Check Pods Manifest.lock */ = {
			isa = PBXShellScriptBuildPhase;
			buildActionMask = 2147483647;
			files = (
			);
			inputFileListPaths = (
			);
			inputPaths = (
				"${PODS_PODFILE_DIR_PATH}/Podfile.lock",
				"${PODS_ROOT}/Manifest.lock",
			);
			name = "[CP] Check Pods Manifest.lock";
			outputFileListPaths = (
			);
			outputPaths = (
				"$(DERIVED_FILE_DIR)/Pods-UnsplashClone-checkManifestLockResult.txt",
			);
			runOnlyForDeploymentPostprocessing = 0;
			shellPath = /bin/sh;
			shellScript = "diff \"${PODS_PODFILE_DIR_PATH}/Podfile.lock\" \"${PODS_ROOT}/Manifest.lock\" > /dev/null\nif [ $? != 0 ] ; then\n    # print error to STDERR\n    echo \"error: The sandbox is not in sync with the Podfile.lock. Run 'pod install' or update your CocoaPods installation.\" >&2\n    exit 1\nfi\n# This output is used by Xcode 'outputs' to avoid re-running this script phase.\necho \"SUCCESS\" > \"${SCRIPT_OUTPUT_FILE_0}\"\n";
			showEnvVarsInLog = 0;
		};
		34C5054025D677840014EEE4 /* SwiftLint */ = {
			isa = PBXShellScriptBuildPhase;
			buildActionMask = 2147483647;
			files = (
			);
			inputFileListPaths = (
			);
			inputPaths = (
			);
			name = SwiftLint;
			outputFileListPaths = (
			);
			outputPaths = (
			);
			runOnlyForDeploymentPostprocessing = 0;
			shellPath = /bin/sh;
			shellScript = "${PODS_ROOT}/SwiftLint/swiftlint\n";
		};
		73EBBB62A0718385B6590359 /* [CP] Embed Pods Frameworks */ = {
			isa = PBXShellScriptBuildPhase;
			buildActionMask = 2147483647;
			files = (
			);
			inputFileListPaths = (
				"${PODS_ROOT}/Target Support Files/Pods-UnsplashClone/Pods-UnsplashClone-frameworks-${CONFIGURATION}-input-files.xcfilelist",
			);
			name = "[CP] Embed Pods Frameworks";
			outputFileListPaths = (
				"${PODS_ROOT}/Target Support Files/Pods-UnsplashClone/Pods-UnsplashClone-frameworks-${CONFIGURATION}-output-files.xcfilelist",
			);
			runOnlyForDeploymentPostprocessing = 0;
			shellPath = /bin/sh;
			shellScript = "\"${PODS_ROOT}/Target Support Files/Pods-UnsplashClone/Pods-UnsplashClone-frameworks.sh\"\n";
			showEnvVarsInLog = 0;
		};
/* End PBXShellScriptBuildPhase section */

/* Begin PBXSourcesBuildPhase section */
		34C5051425D6753A0014EEE4 /* Sources */ = {
			isa = PBXSourcesBuildPhase;
			buildActionMask = 2147483647;
			files = (
				34C5052025D6753A0014EEE4 /* ViewController.swift in Sources */,
				34C5051C25D6753A0014EEE4 /* AppDelegate.swift in Sources */,
				34C5051E25D6753A0014EEE4 /* SceneDelegate.swift in Sources */,
			);
			runOnlyForDeploymentPostprocessing = 0;
		};
/* End PBXSourcesBuildPhase section */

/* Begin PBXVariantGroup section */
		34C5052125D6753A0014EEE4 /* Main.storyboard */ = {
			isa = PBXVariantGroup;
			children = (
				34C5052225D6753A0014EEE4 /* Base */,
			);
			name = Main.storyboard;
			sourceTree = "<group>";
		};
		34C5052625D6753C0014EEE4 /* LaunchScreen.storyboard */ = {
			isa = PBXVariantGroup;
			children = (
				34C5052725D6753C0014EEE4 /* Base */,
			);
			name = LaunchScreen.storyboard;
			sourceTree = "<group>";
		};
/* End PBXVariantGroup section */

/* Begin XCBuildConfiguration section */
		34C5052A25D6753C0014EEE4 /* Debug */ = {
			isa = XCBuildConfiguration;
			buildSettings = {
				ALWAYS_SEARCH_USER_PATHS = NO;
				CLANG_ANALYZER_NONNULL = YES;
				CLANG_ANALYZER_NUMBER_OBJECT_CONVERSION = YES_AGGRESSIVE;
				CLANG_CXX_LANGUAGE_STANDARD = "gnu++14";
				CLANG_CXX_LIBRARY = "libc++";
				CLANG_ENABLE_MODULES = YES;
				CLANG_ENABLE_OBJC_ARC = YES;
				CLANG_ENABLE_OBJC_WEAK = YES;
				CLANG_WARN_BLOCK_CAPTURE_AUTORELEASING = YES;
				CLANG_WARN_BOOL_CONVERSION = YES;
				CLANG_WARN_COMMA = YES;
				CLANG_WARN_CONSTANT_CONVERSION = YES;
				CLANG_WARN_DEPRECATED_OBJC_IMPLEMENTATIONS = YES;
				CLANG_WARN_DIRECT_OBJC_ISA_USAGE = YES_ERROR;
				CLANG_WARN_DOCUMENTATION_COMMENTS = YES;
				CLANG_WARN_EMPTY_BODY = YES;
				CLANG_WARN_ENUM_CONVERSION = YES;
				CLANG_WARN_INFINITE_RECURSION = YES;
				CLANG_WARN_INT_CONVERSION = YES;
				CLANG_WARN_NON_LITERAL_NULL_CONVERSION = YES;
				CLANG_WARN_OBJC_IMPLICIT_RETAIN_SELF = YES;
				CLANG_WARN_OBJC_LITERAL_CONVERSION = YES;
				CLANG_WARN_OBJC_ROOT_CLASS = YES_ERROR;
				CLANG_WARN_QUOTED_INCLUDE_IN_FRAMEWORK_HEADER = YES;
				CLANG_WARN_RANGE_LOOP_ANALYSIS = YES;
				CLANG_WARN_STRICT_PROTOTYPES = YES;
				CLANG_WARN_SUSPICIOUS_MOVE = YES;
				CLANG_WARN_UNGUARDED_AVAILABILITY = YES_AGGRESSIVE;
				CLANG_WARN_UNREACHABLE_CODE = YES;
				CLANG_WARN__DUPLICATE_METHOD_MATCH = YES;
				COPY_PHASE_STRIP = NO;
				DEBUG_INFORMATION_FORMAT = dwarf;
				ENABLE_STRICT_OBJC_MSGSEND = YES;
				ENABLE_TESTABILITY = YES;
				GCC_C_LANGUAGE_STANDARD = gnu11;
				GCC_DYNAMIC_NO_PIC = NO;
				GCC_NO_COMMON_BLOCKS = YES;
				GCC_OPTIMIZATION_LEVEL = 0;
				GCC_PREPROCESSOR_DEFINITIONS = (
					"DEBUG=1",
					"$(inherited)",
				);
				GCC_WARN_64_TO_32_BIT_CONVERSION = YES;
				GCC_WARN_ABOUT_RETURN_TYPE = YES_ERROR;
				GCC_WARN_UNDECLARED_SELECTOR = YES;
				GCC_WARN_UNINITIALIZED_AUTOS = YES_AGGRESSIVE;
				GCC_WARN_UNUSED_FUNCTION = YES;
				GCC_WARN_UNUSED_VARIABLE = YES;
				IPHONEOS_DEPLOYMENT_TARGET = 14.4;
				MTL_ENABLE_DEBUG_INFO = INCLUDE_SOURCE;
				MTL_FAST_MATH = YES;
				ONLY_ACTIVE_ARCH = YES;
				SDKROOT = iphoneos;
				SWIFT_ACTIVE_COMPILATION_CONDITIONS = DEBUG;
				SWIFT_OPTIMIZATION_LEVEL = "-Onone";
			};
			name = Debug;
		};
		34C5052B25D6753C0014EEE4 /* Release */ = {
			isa = XCBuildConfiguration;
			buildSettings = {
				ALWAYS_SEARCH_USER_PATHS = NO;
				CLANG_ANALYZER_NONNULL = YES;
				CLANG_ANALYZER_NUMBER_OBJECT_CONVERSION = YES_AGGRESSIVE;
				CLANG_CXX_LANGUAGE_STANDARD = "gnu++14";
				CLANG_CXX_LIBRARY = "libc++";
				CLANG_ENABLE_MODULES = YES;
				CLANG_ENABLE_OBJC_ARC = YES;
				CLANG_ENABLE_OBJC_WEAK = YES;
				CLANG_WARN_BLOCK_CAPTURE_AUTORELEASING = YES;
				CLANG_WARN_BOOL_CONVERSION = YES;
				CLANG_WARN_COMMA = YES;
				CLANG_WARN_CONSTANT_CONVERSION = YES;
				CLANG_WARN_DEPRECATED_OBJC_IMPLEMENTATIONS = YES;
				CLANG_WARN_DIRECT_OBJC_ISA_USAGE = YES_ERROR;
				CLANG_WARN_DOCUMENTATION_COMMENTS = YES;
				CLANG_WARN_EMPTY_BODY = YES;
				CLANG_WARN_ENUM_CONVERSION = YES;
				CLANG_WARN_INFINITE_RECURSION = YES;
				CLANG_WARN_INT_CONVERSION = YES;
				CLANG_WARN_NON_LITERAL_NULL_CONVERSION = YES;
				CLANG_WARN_OBJC_IMPLICIT_RETAIN_SELF = YES;
				CLANG_WARN_OBJC_LITERAL_CONVERSION = YES;
				CLANG_WARN_OBJC_ROOT_CLASS = YES_ERROR;
				CLANG_WARN_QUOTED_INCLUDE_IN_FRAMEWORK_HEADER = YES;
				CLANG_WARN_RANGE_LOOP_ANALYSIS = YES;
				CLANG_WARN_STRICT_PROTOTYPES = YES;
				CLANG_WARN_SUSPICIOUS_MOVE = YES;
				CLANG_WARN_UNGUARDED_AVAILABILITY = YES_AGGRESSIVE;
				CLANG_WARN_UNREACHABLE_CODE = YES;
				CLANG_WARN__DUPLICATE_METHOD_MATCH = YES;
				COPY_PHASE_STRIP = NO;
				DEBUG_INFORMATION_FORMAT = "dwarf-with-dsym";
				ENABLE_NS_ASSERTIONS = NO;
				ENABLE_STRICT_OBJC_MSGSEND = YES;
				GCC_C_LANGUAGE_STANDARD = gnu11;
				GCC_NO_COMMON_BLOCKS = YES;
				GCC_WARN_64_TO_32_BIT_CONVERSION = YES;
				GCC_WARN_ABOUT_RETURN_TYPE = YES_ERROR;
				GCC_WARN_UNDECLARED_SELECTOR = YES;
				GCC_WARN_UNINITIALIZED_AUTOS = YES_AGGRESSIVE;
				GCC_WARN_UNUSED_FUNCTION = YES;
				GCC_WARN_UNUSED_VARIABLE = YES;
				IPHONEOS_DEPLOYMENT_TARGET = 14.4;
				MTL_ENABLE_DEBUG_INFO = NO;
				MTL_FAST_MATH = YES;
				SDKROOT = iphoneos;
				SWIFT_COMPILATION_MODE = wholemodule;
				SWIFT_OPTIMIZATION_LEVEL = "-O";
				VALIDATE_PRODUCT = YES;
			};
			name = Release;
		};
		34C5052D25D6753C0014EEE4 /* Debug */ = {
			isa = XCBuildConfiguration;
			baseConfigurationReference = 5567FDD3F576F21EE0714D00 /* Pods-UnsplashClone.debug.xcconfig */;
			buildSettings = {
				ASSETCATALOG_COMPILER_APPICON_NAME = AppIcon;
				ASSETCATALOG_COMPILER_GLOBAL_ACCENT_COLOR_NAME = AccentColor;
				CODE_SIGN_STYLE = Automatic;
				DEVELOPMENT_TEAM = 4WAJS5YV8W;
				INFOPLIST_FILE = UnsplashClone/Info.plist;
				LD_RUNPATH_SEARCH_PATHS = (
					"$(inherited)",
					"@executable_path/Frameworks",
				);
				PRODUCT_BUNDLE_IDENTIFIER = SungminPark.UnsplashClone;
				PRODUCT_NAME = "$(TARGET_NAME)";
				SWIFT_VERSION = 5.0;
				TARGETED_DEVICE_FAMILY = "1,2";
			};
			name = Debug;
		};
		34C5052E25D6753C0014EEE4 /* Release */ = {
			isa = XCBuildConfiguration;
			baseConfigurationReference = D07905EB397601CC8120FB12 /* Pods-UnsplashClone.release.xcconfig */;
			buildSettings = {
				ASSETCATALOG_COMPILER_APPICON_NAME = AppIcon;
				ASSETCATALOG_COMPILER_GLOBAL_ACCENT_COLOR_NAME = AccentColor;
				CODE_SIGN_STYLE = Automatic;
				DEVELOPMENT_TEAM = 4WAJS5YV8W;
				INFOPLIST_FILE = UnsplashClone/Info.plist;
				LD_RUNPATH_SEARCH_PATHS = (
					"$(inherited)",
					"@executable_path/Frameworks",
				);
				PRODUCT_BUNDLE_IDENTIFIER = SungminPark.UnsplashClone;
				PRODUCT_NAME = "$(TARGET_NAME)";
				SWIFT_VERSION = 5.0;
				TARGETED_DEVICE_FAMILY = "1,2";
			};
			name = Release;
		};
/* End XCBuildConfiguration section */

/* Begin XCConfigurationList section */
		34C5051325D6753A0014EEE4 /* Build configuration list for PBXProject "UnsplashClone" */ = {
			isa = XCConfigurationList;
			buildConfigurations = (
				34C5052A25D6753C0014EEE4 /* Debug */,
				34C5052B25D6753C0014EEE4 /* Release */,
			);
			defaultConfigurationIsVisible = 0;
			defaultConfigurationName = Release;
		};
		34C5052C25D6753C0014EEE4 /* Build configuration list for PBXNativeTarget "UnsplashClone" */ = {
			isa = XCConfigurationList;
			buildConfigurations = (
				34C5052D25D6753C0014EEE4 /* Debug */,
				34C5052E25D6753C0014EEE4 /* Release */,
			);
			defaultConfigurationIsVisible = 0;
			defaultConfigurationName = Release;
		};
/* End XCConfigurationList section */
	};
	rootObject = 34C5051025D6753A0014EEE4 /* Project object */;
}
